{
  "object": {
    "pins": [
      {
        "package": "BridgeSDK",
        "repositoryURL": "https://github.com/Sage-Bionetworks/Bridge-iOS-SDK.git",
        "state": {
          "branch": null,
          "revision": "065409b4be18bdc0d671aeadd33d1c96c2dd3db7",
          "version": "4.4.83"
        }
      },
      {
        "package": "BridgeApp",
        "repositoryURL": "https://github.com/Sage-Bionetworks/BridgeApp-Apple-SDK.git",
        "state": {
          "branch": null,
          "revision": "b400bef0975b9202b037360c2526c2905e18a1d7",
          "version": "4.4.3"
        }
      },
      {
        "package": "JsonModel",
        "repositoryURL": "https://github.com/Sage-Bionetworks/JsonModel-Swift.git",
        "state": {
          "branch": null,
          "revision": "d22f714f3f5d25c7efd231e14f23b3bd2d8d858c",
          "version": "1.1.0"
        }
      },
      {
        "package": "MotorControl",
        "repositoryURL": "https://github.com/Sage-Bionetworks/MotorControl-iOS.git",
        "state": {
          "branch": null,
          "revision": "dfa646e04b126776d657671b121e0202ba406fc8",
          "version": "2.1.1"
        }
      },
      {
        "package": "SageResearch",
        "repositoryURL": "https://github.com/Sage-Bionetworks/SageResearch.git",
        "state": {
          "branch": null,
          "revision": "8212dac5977ae50be85320b46245c5d67b597fc8",
          "version": "3.18.1"
        }
      },
      {
        "package": "SDWebImage",
        "repositoryURL": "https://github.com/SDWebImage/SDWebImage.git",
        "state": {
          "branch": null,
          "revision": "a6b6e44eadf0d39250c10a7cc0e3b91d0bdb0e94",
          "version": "5.10.4"
        }
      }
    ]
  },
  "version": 1
}
